
Microsoft Visual Studio Solution File, Format Version 12.00
# Visual Studio Version 17
VisualStudioVersion = 17.13.35931.197
MinimumVisualStudioVersion = 10.0.40219.1
Project("{FAE04EC0-301F-11D3-BF4B-00C04F79EFBC}") = "Music", "Music\Music.csproj", "{45D33846-21D9-4FF2-B3CD-FC1A17C88C7D}"
EndProject
Global
	GlobalSection(SolutionConfigurationPlatforms) = preSolution
		Debug|Any CPU = Debug|Any CPU
		Release|Any CPU = Release|Any CPU
	EndGlobalSection
	GlobalSection(ProjectConfigurationPlatforms) = postSolution
		{45D33846-21D9-4FF2-B3CD-FC1A17C88C7D}.Debug|Any CPU.ActiveCfg = Debug|Any CPU
		{45D33846-21D9-4FF2-B3CD-FC1A17C88C7D}.Debug|Any CPU.Build.0 = Debug|Any CPU
		{45D33846-21D9-4FF2-B3CD-FC1A17C88C7D}.Release|Any CPU.ActiveCfg = Release|Any CPU
		{45D33846-21D9-4FF2-B3CD-FC1A17C88C7D}.Release|Any CPU.Build.0 = Release|Any CPU
	EndGlobalSection
	GlobalSection(SolutionProperties) = preSolution
		HideSolutionNode = FALSE
	EndGlobalSection
	GlobalSection(ExtensibilityGlobals) = postSolution
		SolutionGuid = {6629AAA6-D4C1-4BF8-9F97-863298925606}
	EndGlobalSection
EndGlobal
